// !$*UTF8*$!
{
	archiveVersion = 1;
	classes = {
	};
	objectVersion = 46;
	objects = {

/* Begin PBXBuildFile section */
		8443499B1D53001600CBDCF3 /* GoogleMaps.framework in Frameworks */ = {isa = PBXBuildFile; fileRef = 8443499A1D53001600CBDCF3 /* GoogleMaps.framework */; };
		8443499D1D5300E000CBDCF3 /* GoogleMaps.bundle in Resources */ = {isa = PBXBuildFile; fileRef = 8443499C1D5300E000CBDCF3 /* GoogleMaps.bundle */; };
		844349A11D5319A100CBDCF3 /* WhereToMapviewViewController.m in Sources */ = {isa = PBXBuildFile; fileRef = 844349A01D5319A100CBDCF3 /* WhereToMapviewViewController.m */; };
		844349A31D53258A00CBDCF3 /* MapKit.framework in Frameworks */ = {isa = PBXBuildFile; fileRef = 844349A21D53258A00CBDCF3 /* MapKit.framework */; };
		8448AB521D45F8A900486EA2 /* TableViewCell.m in Sources */ = {isa = PBXBuildFile; fileRef = 8448AB511D45F8A900486EA2 /* TableViewCell.m */; };
		844D13A61D49D1E200F22B52 /* AppChildViewController.m in Sources */ = {isa = PBXBuildFile; fileRef = 844D13A51D49D1E200F22B52 /* AppChildViewController.m */; };
		848F0B601D4C8D8100F62845 /* ContactViewController.m in Sources */ = {isa = PBXBuildFile; fileRef = 848F0B5F1D4C8D8100F62845 /* ContactViewController.m */; };
		84B2F8BF1D3F3BFA004D6B95 /* SWRevealViewController.m in Sources */ = {isa = PBXBuildFile; fileRef = 84B2F8BE1D3F3BFA004D6B95 /* SWRevealViewController.m */; };
		84B2F8C51D3F3DDA004D6B95 /* SidebarViewController.m in Sources */ = {isa = PBXBuildFile; fileRef = 84B2F8C41D3F3DDA004D6B95 /* SidebarViewController.m */; };
		84BAB2F41D54518E00D25C56 /* Calendar-50.png in Resources */ = {isa = PBXBuildFile; fileRef = 84BAB2F31D54518E00D25C56 /* Calendar-50.png */; };
		84E078001D51BE90001C6105 /* OnedayTripViewController.m in Sources */ = {isa = PBXBuildFile; fileRef = 84E077FF1D51BE90001C6105 /* OnedayTripViewController.m */; };
		84E078021D51D03E001C6105 /* Circled Right 2-50.png in Resources */ = {isa = PBXBuildFile; fileRef = 84E078011D51D03E001C6105 /* Circled Right 2-50.png */; };
		84E6AE9B1D4B2748006368F9 /* KL.jpg in Resources */ = {isa = PBXBuildFile; fileRef = 84E6AE9A1D4B2748006368F9 /* KL.jpg */; };
		84F769011D2E559000DEF5FC /* main.m in Sources */ = {isa = PBXBuildFile; fileRef = 84F769001D2E559000DEF5FC /* main.m */; };
		84F769041D2E559000DEF5FC /* AppDelegate.m in Sources */ = {isa = PBXBuildFile; fileRef = 84F769031D2E559000DEF5FC /* AppDelegate.m */; };
		84F769071D2E559000DEF5FC /* ViewController.m in Sources */ = {isa = PBXBuildFile; fileRef = 84F769061D2E559000DEF5FC /* ViewController.m */; };
		84F7690A1D2E559000DEF5FC /* Main.storyboard in Resources */ = {isa = PBXBuildFile; fileRef = 84F769081D2E559000DEF5FC /* Main.storyboard */; };
		84F7690D1D2E559000DEF5FC /* GetStrongTryout.xcdatamodeld in Sources */ = {isa = PBXBuildFile; fileRef = 84F7690B1D2E559000DEF5FC /* GetStrongTryout.xcdatamodeld */; };
		84F7690F1D2E559000DEF5FC /* Assets.xcassets in Resources */ = {isa = PBXBuildFile; fileRef = 84F7690E1D2E559000DEF5FC /* Assets.xcassets */; };
		84F769121D2E559000DEF5FC /* LaunchScreen.storyboard in Resources */ = {isa = PBXBuildFile; fileRef = 84F769101D2E559000DEF5FC /* LaunchScreen.storyboard */; };
		84F7691B1D2E5CA700DEF5FC /* LoginViewController.m in Sources */ = {isa = PBXBuildFile; fileRef = 84F7691A1D2E5CA700DEF5FC /* LoginViewController.m */; };
		84F7691E1D2E5CBD00DEF5FC /* SignupViewController.m in Sources */ = {isa = PBXBuildFile; fileRef = 84F7691D1D2E5CBD00DEF5FC /* SignupViewController.m */; };
		84F769211D2E6AC800DEF5FC /* OTPViewController.m in Sources */ = {isa = PBXBuildFile; fileRef = 84F769201D2E6AC800DEF5FC /* OTPViewController.m */; };
		84F9398F1D34E84B0053C9EA /* HomeViewController.m in Sources */ = {isa = PBXBuildFile; fileRef = 84F9398E1D34E84B0053C9EA /* HomeViewController.m */; };
		84F975C41D51E84500CC5391 /* Back-50.png in Resources */ = {isa = PBXBuildFile; fileRef = 84F975C31D51E84500CC5391 /* Back-50.png */; };
		84F975C61D51E84D00CC5391 /* Forward-50.png in Resources */ = {isa = PBXBuildFile; fileRef = 84F975C51D51E84D00CC5391 /* Forward-50.png */; };
		84F975CA1D51EB6E00CC5391 /* Airplane Mode On Filled-50.png in Resources */ = {isa = PBXBuildFile; fileRef = 84F975C71D51EB6E00CC5391 /* Airplane Mode On Filled-50.png */; };
		84F975CB1D51EB6E00CC5391 /* Car Filled-50.png in Resources */ = {isa = PBXBuildFile; fileRef = 84F975C81D51EB6E00CC5391 /* Car Filled-50.png */; };
		84F975CC1D51EB6E00CC5391 /* Train Filled-50.png in Resources */ = {isa = PBXBuildFile; fileRef = 84F975C91D51EB6E00CC5391 /* Train Filled-50.png */; };
		84F975CE1D51FC3900CC5391 /* GooglePlacePicker.framework in Frameworks */ = {isa = PBXBuildFile; fileRef = 84F975CD1D51FC3900CC5391 /* GooglePlacePicker.framework */; };
		84F975D01D51FC6500CC5391 /* GoogleMapsBase.framework in Frameworks */ = {isa = PBXBuildFile; fileRef = 84F975CF1D51FC6500CC5391 /* GoogleMapsBase.framework */; };
		84F975D21D51FCA600CC5391 /* GooglePlaces.framework in Frameworks */ = {isa = PBXBuildFile; fileRef = 84F975D11D51FCA600CC5391 /* GooglePlaces.framework */; };
		84F975D41D51FCE800CC5391 /* GoogleMapsCore.framework in Frameworks */ = {isa = PBXBuildFile; fileRef = 84F975D31D51FCE800CC5391 /* GoogleMapsCore.framework */; };
		84F975D61D51FCF800CC5391 /* GoogleMaps.framework in Frameworks */ = {isa = PBXBuildFile; fileRef = 84F975D51D51FCF800CC5391 /* GoogleMaps.framework */; };
		84F975D81D51FDAD00CC5391 /* GooglePlaces.bundle in Resources */ = {isa = PBXBuildFile; fileRef = 84F975D71D51FDAD00CC5391 /* GooglePlaces.bundle */; };
		84F975DA1D51FDFF00CC5391 /* GooglePlacePicker.bundle in Resources */ = {isa = PBXBuildFile; fileRef = 84F975D91D51FDFF00CC5391 /* GooglePlacePicker.bundle */; };
		84F975DC1D51FEC700CC5391 /* Accelerate.framework in Frameworks */ = {isa = PBXBuildFile; fileRef = 84F975DB1D51FEC700CC5391 /* Accelerate.framework */; };
		84F975DE1D51FED500CC5391 /* CoreData.framework in Frameworks */ = {isa = PBXBuildFile; fileRef = 84F975DD1D51FED500CC5391 /* CoreData.framework */; };
		84F975E01D51FEE300CC5391 /* CoreGraphics.framework in Frameworks */ = {isa = PBXBuildFile; fileRef = 84F975DF1D51FEE300CC5391 /* CoreGraphics.framework */; };
		84F975E21D51FEEF00CC5391 /* CoreLocation.framework in Frameworks */ = {isa = PBXBuildFile; fileRef = 84F975E11D51FEEF00CC5391 /* CoreLocation.framework */; };
		84F975E41D51FEFA00CC5391 /* CoreText.framework in Frameworks */ = {isa = PBXBuildFile; fileRef = 84F975E31D51FEFA00CC5391 /* CoreText.framework */; };
		84F975E61D51FF0600CC5391 /* GLKit.framework in Frameworks */ = {isa = PBXBuildFile; fileRef = 84F975E51D51FF0600CC5391 /* GLKit.framework */; };
		84F975E81D51FF1200CC5391 /* ImageIO.framework in Frameworks */ = {isa = PBXBuildFile; fileRef = 84F975E71D51FF1200CC5391 /* ImageIO.framework */; };
		84F975EA1D51FF4000CC5391 /* OpenGLES.framework in Frameworks */ = {isa = PBXBuildFile; fileRef = 84F975E91D51FF4000CC5391 /* OpenGLES.framework */; };
		84F975EC1D51FF4D00CC5391 /* QuartzCore.framework in Frameworks */ = {isa = PBXBuildFile; fileRef = 84F975EB1D51FF4D00CC5391 /* QuartzCore.framework */; };
		84F975EE1D51FF5B00CC5391 /* SystemConfiguration.framework in Frameworks */ = {isa = PBXBuildFile; fileRef = 84F975ED1D51FF5B00CC5391 /* SystemConfiguration.framework */; };
		84F975F01D51FF6400CC5391 /* UIKit.framework in Frameworks */ = {isa = PBXBuildFile; fileRef = 84F975EF1D51FF6400CC5391 /* UIKit.framework */; };
		84F975F21D52008000CC5391 /* libz.1.dylib in Frameworks */ = {isa = PBXBuildFile; fileRef = 84F975F11D52008000CC5391 /* libz.1.dylib */; };
		84F975F41D5200A600CC5391 /* libc++.1.dylib in Frameworks */ = {isa = PBXBuildFile; fileRef = 84F975F31D5200A600CC5391 /* libc++.1.dylib */; };
		84FBBE6C1D422C6F00CF1A31 /* ChallengeViewController.m in Sources */ = {isa = PBXBuildFile; fileRef = 84FBBE6B1D422C6F00CF1A31 /* ChallengeViewController.m */; };
		84FBBE6F1D422C9B00CF1A31 /* AttendanceViewController.m in Sources */ = {isa = PBXBuildFile; fileRef = 84FBBE6E1D422C9B00CF1A31 /* AttendanceViewController.m */; };
		84FBBE721D422CC400CF1A31 /* CheatdaysViewController.m in Sources */ = {isa = PBXBuildFile; fileRef = 84FBBE711D422CC400CF1A31 /* CheatdaysViewController.m */; };
		84FBBE751D422CF000CF1A31 /* WorkoutTipsViewController.m in Sources */ = {isa = PBXBuildFile; fileRef = 84FBBE741D422CF000CF1A31 /* WorkoutTipsViewController.m */; };
		84FBBE781D422D1B00CF1A31 /* ProfileViewController.m in Sources */ = {isa = PBXBuildFile; fileRef = 84FBBE771D422D1B00CF1A31 /* ProfileViewController.m */; };
		84FC1AFE1D3E39840074F765 /* menu.png in Resources */ = {isa = PBXBuildFile; fileRef = 84FC1AFD1D3E39840074F765 /* menu.png */; };
/* End PBXBuildFile section */

/* Begin PBXFileReference section */
		8443499A1D53001600CBDCF3 /* GoogleMaps.framework */ = {isa = PBXFileReference; lastKnownFileType = wrapper.framework; name = GoogleMaps.framework; path = "../../Downloads/5a212b0fa429156f-GoogleMaps-2.0.1/Subspecs/Maps/Frameworks/GoogleMaps.framework"; sourceTree = "<group>"; };
		8443499C1D5300E000CBDCF3 /* GoogleMaps.bundle */ = {isa = PBXFileReference; lastKnownFileType = "wrapper.plug-in"; name = GoogleMaps.bundle; path = "../../Downloads/5a212b0fa429156f-GoogleMaps-2.0.1/Subspecs/Maps/Frameworks/GoogleMaps.framework/Versions/A/Resources/GoogleMaps.bundle"; sourceTree = "<group>"; };
		8443499F1D5319A100CBDCF3 /* WhereToMapviewViewController.h */ = {isa = PBXFileReference; fileEncoding = 4; lastKnownFileType = sourcecode.c.h; name = WhereToMapviewViewController.h; path = ../WhereToMapviewViewController.h; sourceTree = "<group>"; };
		844349A01D5319A100CBDCF3 /* WhereToMapviewViewController.m */ = {isa = PBXFileReference; fileEncoding = 4; lastKnownFileType = sourcecode.c.objc; name = WhereToMapviewViewController.m; path = ../WhereToMapviewViewController.m; sourceTree = "<group>"; };
		844349A21D53258A00CBDCF3 /* MapKit.framework */ = {isa = PBXFileReference; lastKnownFileType = wrapper.framework; name = MapKit.framework; path = System/Library/Frameworks/MapKit.framework; sourceTree = SDKROOT; };
		8448AB501D45F8A900486EA2 /* TableViewCell.h */ = {isa = PBXFileReference; fileEncoding = 4; lastKnownFileType = sourcecode.c.h; name = TableViewCell.h; path = ../TableViewCell.h; sourceTree = "<group>"; };
		8448AB511D45F8A900486EA2 /* TableViewCell.m */ = {isa = PBXFileReference; fileEncoding = 4; lastKnownFileType = sourcecode.c.objc; name = TableViewCell.m; path = ../TableViewCell.m; sourceTree = "<group>"; };
		844D13A41D49D1E200F22B52 /* AppChildViewController.h */ = {isa = PBXFileReference; fileEncoding = 4; lastKnownFileType = sourcecode.c.h; path = AppChildViewController.h; sourceTree = "<group>"; };
		844D13A51D49D1E200F22B52 /* AppChildViewController.m */ = {isa = PBXFileReference; fileEncoding = 4; lastKnownFileType = sourcecode.c.objc; path = AppChildViewController.m; sourceTree = "<group>"; };
		848F0B5E1D4C8D8100F62845 /* ContactViewController.h */ = {isa = PBXFileReference; fileEncoding = 4; lastKnownFileType = sourcecode.c.h; path = ContactViewController.h; sourceTree = "<group>"; };
		848F0B5F1D4C8D8100F62845 /* ContactViewController.m */ = {isa = PBXFileReference; fileEncoding = 4; lastKnownFileType = sourcecode.c.objc; path = ContactViewController.m; sourceTree = "<group>"; };
		84B2F8BD1D3F3BFA004D6B95 /* SWRevealViewController.h */ = {isa = PBXFileReference; fileEncoding = 4; lastKnownFileType = sourcecode.c.h; name = SWRevealViewController.h; path = ../../../Downloads/SidebarDemoTemplate/SidebarDemo/SWRevealViewController.h; sourceTree = "<group>"; };
		84B2F8BE1D3F3BFA004D6B95 /* SWRevealViewController.m */ = {isa = PBXFileReference; fileEncoding = 4; lastKnownFileType = sourcecode.c.objc; name = SWRevealViewController.m; path = ../../../Downloads/SidebarDemoTemplate/SidebarDemo/SWRevealViewController.m; sourceTree = "<group>"; };
		84B2F8C31D3F3DDA004D6B95 /* SidebarViewController.h */ = {isa = PBXFileReference; fileEncoding = 4; lastKnownFileType = sourcecode.c.h; name = SidebarViewController.h; path = ../SidebarViewController.h; sourceTree = "<group>"; };
		84B2F8C41D3F3DDA004D6B95 /* SidebarViewController.m */ = {isa = PBXFileReference; fileEncoding = 4; lastKnownFileType = sourcecode.c.objc; name = SidebarViewController.m; path = ../SidebarViewController.m; sourceTree = "<group>"; };
		84BAB2F31D54518E00D25C56 /* Calendar-50.png */ = {isa = PBXFileReference; lastKnownFileType = image.png; name = "Calendar-50.png"; path = "../../../Downloads/Calendar-50.png"; sourceTree = "<group>"; };
		84E077FE1D51BE90001C6105 /* OnedayTripViewController.h */ = {isa = PBXFileReference; fileEncoding = 4; lastKnownFileType = sourcecode.c.h; name = OnedayTripViewController.h; path = ../OnedayTripViewController.h; sourceTree = "<group>"; };
		84E077FF1D51BE90001C6105 /* OnedayTripViewController.m */ = {isa = PBXFileReference; fileEncoding = 4; lastKnownFileType = sourcecode.c.objc; name = OnedayTripViewController.m; path = ../OnedayTripViewController.m; sourceTree = "<group>"; };
		84E078011D51D03E001C6105 /* Circled Right 2-50.png */ = {isa = PBXFileReference; lastKnownFileType = image.png; path = "Circled Right 2-50.png"; sourceTree = "<group>"; };
		84E6AE9A1D4B2748006368F9 /* KL.jpg */ = {isa = PBXFileReference; lastKnownFileType = image.jpeg; path = KL.jpg; sourceTree = "<group>"; };
		84F768FC1D2E559000DEF5FC /* GetStrongTryout.app */ = {isa = PBXFileReference; explicitFileType = wrapper.application; includeInIndex = 0; path = GetStrongTryout.app; sourceTree = BUILT_PRODUCTS_DIR; };
		84F769001D2E559000DEF5FC /* main.m */ = {isa = PBXFileReference; lastKnownFileType = sourcecode.c.objc; path = main.m; sourceTree = "<group>"; };
		84F769021D2E559000DEF5FC /* AppDelegate.h */ = {isa = PBXFileReference; lastKnownFileType = sourcecode.c.h; path = AppDelegate.h; sourceTree = "<group>"; };
		84F769031D2E559000DEF5FC /* AppDelegate.m */ = {isa = PBXFileReference; lastKnownFileType = sourcecode.c.objc; path = AppDelegate.m; sourceTree = "<group>"; };
		84F769051D2E559000DEF5FC /* ViewController.h */ = {isa = PBXFileReference; lastKnownFileType = sourcecode.c.h; path = ViewController.h; sourceTree = "<group>"; };
		84F769061D2E559000DEF5FC /* ViewController.m */ = {isa = PBXFileReference; lastKnownFileType = sourcecode.c.objc; path = ViewController.m; sourceTree = "<group>"; };
		84F769091D2E559000DEF5FC /* Base */ = {isa = PBXFileReference; lastKnownFileType = file.storyboard; name = Base; path = Base.lproj/Main.storyboard; sourceTree = "<group>"; };
		84F7690C1D2E559000DEF5FC /* GetStrongTryout.xcdatamodel */ = {isa = PBXFileReference; lastKnownFileType = wrapper.xcdatamodel; path = GetStrongTryout.xcdatamodel; sourceTree = "<group>"; };
		84F7690E1D2E559000DEF5FC /* Assets.xcassets */ = {isa = PBXFileReference; lastKnownFileType = folder.assetcatalog; path = Assets.xcassets; sourceTree = "<group>"; };
		84F769111D2E559000DEF5FC /* Base */ = {isa = PBXFileReference; lastKnownFileType = file.storyboard; name = Base; path = Base.lproj/LaunchScreen.storyboard; sourceTree = "<group>"; };
		84F769131D2E559000DEF5FC /* Info.plist */ = {isa = PBXFileReference; lastKnownFileType = text.plist.xml; path = Info.plist; sourceTree = "<group>"; };
		84F769191D2E5CA700DEF5FC /* LoginViewController.h */ = {isa = PBXFileReference; fileEncoding = 4; lastKnownFileType = sourcecode.c.h; path = LoginViewController.h; sourceTree = "<group>"; };
		84F7691A1D2E5CA700DEF5FC /* LoginViewController.m */ = {isa = PBXFileReference; fileEncoding = 4; lastKnownFileType = sourcecode.c.objc; path = LoginViewController.m; sourceTree = "<group>"; };
		84F7691C1D2E5CBD00DEF5FC /* SignupViewController.h */ = {isa = PBXFileReference; fileEncoding = 4; lastKnownFileType = sourcecode.c.h; name = SignupViewController.h; path = ../SignupViewController.h; sourceTree = "<group>"; };
		84F7691D1D2E5CBD00DEF5FC /* SignupViewController.m */ = {isa = PBXFileReference; fileEncoding = 4; lastKnownFileType = sourcecode.c.objc; name = SignupViewController.m; path = ../SignupViewController.m; sourceTree = "<group>"; };
		84F7691F1D2E6AC800DEF5FC /* OTPViewController.h */ = {isa = PBXFileReference; fileEncoding = 4; lastKnownFileType = sourcecode.c.h; name = OTPViewController.h; path = ../OTPViewController.h; sourceTree = "<group>"; };
		84F769201D2E6AC800DEF5FC /* OTPViewController.m */ = {isa = PBXFileReference; fileEncoding = 4; lastKnownFileType = sourcecode.c.objc; name = OTPViewController.m; path = ../OTPViewController.m; sourceTree = "<group>"; };
		84F9398D1D34E84B0053C9EA /* HomeViewController.h */ = {isa = PBXFileReference; fileEncoding = 4; lastKnownFileType = sourcecode.c.h; name = HomeViewController.h; path = ../HomeViewController.h; sourceTree = "<group>"; };
		84F9398E1D34E84B0053C9EA /* HomeViewController.m */ = {isa = PBXFileReference; fileEncoding = 4; lastKnownFileType = sourcecode.c.objc; name = HomeViewController.m; path = ../HomeViewController.m; sourceTree = "<group>"; };
		84F975C31D51E84500CC5391 /* Back-50.png */ = {isa = PBXFileReference; lastKnownFileType = image.png; path = "Back-50.png"; sourceTree = "<group>"; };
		84F975C51D51E84D00CC5391 /* Forward-50.png */ = {isa = PBXFileReference; lastKnownFileType = image.png; path = "Forward-50.png"; sourceTree = "<group>"; };
		84F975C71D51EB6E00CC5391 /* Airplane Mode On Filled-50.png */ = {isa = PBXFileReference; lastKnownFileType = image.png; path = "Airplane Mode On Filled-50.png"; sourceTree = "<group>"; };
		84F975C81D51EB6E00CC5391 /* Car Filled-50.png */ = {isa = PBXFileReference; lastKnownFileType = image.png; path = "Car Filled-50.png"; sourceTree = "<group>"; };
		84F975C91D51EB6E00CC5391 /* Train Filled-50.png */ = {isa = PBXFileReference; lastKnownFileType = image.png; path = "Train Filled-50.png"; sourceTree = "<group>"; };
		84F975CD1D51FC3900CC5391 /* GooglePlacePicker.framework */ = {isa = PBXFileReference; lastKnownFileType = wrapper.framework; name = GooglePlacePicker.framework; path = GetStrongTryout/GooglePlacePicker.framework; sourceTree = "<group>"; };
		84F975CF1D51FC6500CC5391 /* GoogleMapsBase.framework */ = {isa = PBXFileReference; lastKnownFileType = wrapper.framework; name = GoogleMapsBase.framework; path = GetStrongTryout/GoogleMapsBase.framework; sourceTree = "<group>"; };
		84F975D11D51FCA600CC5391 /* GooglePlaces.framework */ = {isa = PBXFileReference; lastKnownFileType = wrapper.framework; name = GooglePlaces.framework; path = GetStrongTryout/GooglePlaces.framework; sourceTree = "<group>"; };
		84F975D31D51FCE800CC5391 /* GoogleMapsCore.framework */ = {isa = PBXFileReference; lastKnownFileType = wrapper.framework; name = GoogleMapsCore.framework; path = GetStrongTryout/GoogleMapsCore.framework; sourceTree = "<group>"; };
		84F975D51D51FCF800CC5391 /* GoogleMaps.framework */ = {isa = PBXFileReference; lastKnownFileType = wrapper.framework; name = GoogleMaps.framework; path = GetStrongTryout/GoogleMaps.framework; sourceTree = "<group>"; };
		84F975D71D51FDAD00CC5391 /* GooglePlaces.bundle */ = {isa = PBXFileReference; lastKnownFileType = "wrapper.plug-in"; name = GooglePlaces.bundle; path = GetStrongTryout/GooglePlaces.framework/Versions/A/Resources/GooglePlaces.bundle; sourceTree = "<group>"; };
		84F975D91D51FDFF00CC5391 /* GooglePlacePicker.bundle */ = {isa = PBXFileReference; lastKnownFileType = "wrapper.plug-in"; name = GooglePlacePicker.bundle; path = GetStrongTryout/GooglePlacePicker.framework/Versions/A/Resources/GooglePlacePicker.bundle; sourceTree = "<group>"; };
		84F975DB1D51FEC700CC5391 /* Accelerate.framework */ = {isa = PBXFileReference; lastKnownFileType = wrapper.framework; name = Accelerate.framework; path = System/Library/Frameworks/Accelerate.framework; sourceTree = SDKROOT; };
		84F975DD1D51FED500CC5391 /* CoreData.framework */ = {isa = PBXFileReference; lastKnownFileType = wrapper.framework; name = CoreData.framework; path = System/Library/Frameworks/CoreData.framework; sourceTree = SDKROOT; };
		84F975DF1D51FEE300CC5391 /* CoreGraphics.framework */ = {isa = PBXFileReference; lastKnownFileType = wrapper.framework; name = CoreGraphics.framework; path = System/Library/Frameworks/CoreGraphics.framework; sourceTree = SDKROOT; };
		84F975E11D51FEEF00CC5391 /* CoreLocation.framework */ = {isa = PBXFileReference; lastKnownFileType = wrapper.framework; name = CoreLocation.framework; path = System/Library/Frameworks/CoreLocation.framework; sourceTree = SDKROOT; };
		84F975E31D51FEFA00CC5391 /* CoreText.framework */ = {isa = PBXFileReference; lastKnownFileType = wrapper.framework; name = CoreText.framework; path = System/Library/Frameworks/CoreText.framework; sourceTree = SDKROOT; };
		84F975E51D51FF0600CC5391 /* GLKit.framework */ = {isa = PBXFileReference; lastKnownFileType = wrapper.framework; name = GLKit.framework; path = System/Library/Frameworks/GLKit.framework; sourceTree = SDKROOT; };
		84F975E71D51FF1200CC5391 /* ImageIO.framework */ = {isa = PBXFileReference; lastKnownFileType = wrapper.framework; name = ImageIO.framework; path = System/Library/Frameworks/ImageIO.framework; sourceTree = SDKROOT; };
		84F975E91D51FF4000CC5391 /* OpenGLES.framework */ = {isa = PBXFileReference; lastKnownFileType = wrapper.framework; name = OpenGLES.framework; path = System/Library/Frameworks/OpenGLES.framework; sourceTree = SDKROOT; };
		84F975EB1D51FF4D00CC5391 /* QuartzCore.framework */ = {isa = PBXFileReference; lastKnownFileType = wrapper.framework; name = QuartzCore.framework; path = System/Library/Frameworks/QuartzCore.framework; sourceTree = SDKROOT; };
		84F975ED1D51FF5B00CC5391 /* SystemConfiguration.framework */ = {isa = PBXFileReference; lastKnownFileType = wrapper.framework; name = SystemConfiguration.framework; path = System/Library/Frameworks/SystemConfiguration.framework; sourceTree = SDKROOT; };
		84F975EF1D51FF6400CC5391 /* UIKit.framework */ = {isa = PBXFileReference; lastKnownFileType = wrapper.framework; name = UIKit.framework; path = System/Library/Frameworks/UIKit.framework; sourceTree = SDKROOT; };
		84F975F11D52008000CC5391 /* libz.1.dylib */ = {isa = PBXFileReference; lastKnownFileType = "compiled.mach-o.dylib"; name = libz.1.dylib; path = /usr/lib/libz.1.dylib; sourceTree = "<absolute>"; };
		84F975F31D5200A600CC5391 /* libc++.1.dylib */ = {isa = PBXFileReference; lastKnownFileType = "compiled.mach-o.dylib"; name = "libc++.1.dylib"; path = "/usr/lib/libc++.1.dylib"; sourceTree = "<absolute>"; };
		84FBBE6A1D422C6F00CF1A31 /* ChallengeViewController.h */ = {isa = PBXFileReference; fileEncoding = 4; lastKnownFileType = sourcecode.c.h; name = ChallengeViewController.h; path = ../ChallengeViewController.h; sourceTree = "<group>"; };
		84FBBE6B1D422C6F00CF1A31 /* ChallengeViewController.m */ = {isa = PBXFileReference; fileEncoding = 4; lastKnownFileType = sourcecode.c.objc; name = ChallengeViewController.m; path = ../ChallengeViewController.m; sourceTree = "<group>"; };
		84FBBE6D1D422C9B00CF1A31 /* AttendanceViewController.h */ = {isa = PBXFileReference; fileEncoding = 4; lastKnownFileType = sourcecode.c.h; name = AttendanceViewController.h; path = ../AttendanceViewController.h; sourceTree = "<group>"; };
		84FBBE6E1D422C9B00CF1A31 /* AttendanceViewController.m */ = {isa = PBXFileReference; fileEncoding = 4; lastKnownFileType = sourcecode.c.objc; name = AttendanceViewController.m; path = ../AttendanceViewController.m; sourceTree = "<group>"; };
		84FBBE701D422CC400CF1A31 /* CheatdaysViewController.h */ = {isa = PBXFileReference; fileEncoding = 4; lastKnownFileType = sourcecode.c.h; name = CheatdaysViewController.h; path = ../CheatdaysViewController.h; sourceTree = "<group>"; };
		84FBBE711D422CC400CF1A31 /* CheatdaysViewController.m */ = {isa = PBXFileReference; fileEncoding = 4; lastKnownFileType = sourcecode.c.objc; name = CheatdaysViewController.m; path = ../CheatdaysViewController.m; sourceTree = "<group>"; };
		84FBBE731D422CF000CF1A31 /* WorkoutTipsViewController.h */ = {isa = PBXFileReference; fileEncoding = 4; lastKnownFileType = sourcecode.c.h; name = WorkoutTipsViewController.h; path = ../WorkoutTipsViewController.h; sourceTree = "<group>"; };
		84FBBE741D422CF000CF1A31 /* WorkoutTipsViewController.m */ = {isa = PBXFileReference; fileEncoding = 4; lastKnownFileType = sourcecode.c.objc; name = WorkoutTipsViewController.m; path = ../WorkoutTipsViewController.m; sourceTree = "<group>"; };
		84FBBE761D422D1B00CF1A31 /* ProfileViewController.h */ = {isa = PBXFileReference; fileEncoding = 4; lastKnownFileType = sourcecode.c.h; name = ProfileViewController.h; path = ../ProfileViewController.h; sourceTree = "<group>"; };
		84FBBE771D422D1B00CF1A31 /* ProfileViewController.m */ = {isa = PBXFileReference; fileEncoding = 4; lastKnownFileType = sourcecode.c.objc; name = ProfileViewController.m; path = ../ProfileViewController.m; sourceTree = "<group>"; };
		84FC1AFD1D3E39840074F765 /* menu.png */ = {isa = PBXFileReference; lastKnownFileType = image.png; name = menu.png; path = ../../../Downloads/SidebarDemoTemplate/SidebarDemo/menu.png; sourceTree = "<group>"; };
/* End PBXFileReference section */

/* Begin PBXFrameworksBuildPhase section */
		84F768F91D2E559000DEF5FC /* Frameworks */ = {
			isa = PBXFrameworksBuildPhase;
			buildActionMask = 2147483647;
			files = (
				844349A31D53258A00CBDCF3 /* MapKit.framework in Frameworks */,
				8443499B1D53001600CBDCF3 /* GoogleMaps.framework in Frameworks */,
				84F975F41D5200A600CC5391 /* libc++.1.dylib in Frameworks */,
				84F975F21D52008000CC5391 /* libz.1.dylib in Frameworks */,
				84F975F01D51FF6400CC5391 /* UIKit.framework in Frameworks */,
				84F975EE1D51FF5B00CC5391 /* SystemConfiguration.framework in Frameworks */,
				84F975EC1D51FF4D00CC5391 /* QuartzCore.framework in Frameworks */,
				84F975EA1D51FF4000CC5391 /* OpenGLES.framework in Frameworks */,
				84F975E81D51FF1200CC5391 /* ImageIO.framework in Frameworks */,
				84F975E61D51FF0600CC5391 /* GLKit.framework in Frameworks */,
				84F975E41D51FEFA00CC5391 /* CoreText.framework in Frameworks */,
				84F975E21D51FEEF00CC5391 /* CoreLocation.framework in Frameworks */,
				84F975E01D51FEE300CC5391 /* CoreGraphics.framework in Frameworks */,
				84F975DE1D51FED500CC5391 /* CoreData.framework in Frameworks */,
				84F975DC1D51FEC700CC5391 /* Accelerate.framework in Frameworks */,
				84F975D21D51FCA600CC5391 /* GooglePlaces.framework in Frameworks */,
				84F975CE1D51FC3900CC5391 /* GooglePlacePicker.framework in Frameworks */,
				84F975D01D51FC6500CC5391 /* GoogleMapsBase.framework in Frameworks */,
				84F975D61D51FCF800CC5391 /* GoogleMaps.framework in Frameworks */,
				84F975D41D51FCE800CC5391 /* GoogleMapsCore.framework in Frameworks */,
			);
			runOnlyForDeploymentPostprocessing = 0;
		};
/* End PBXFrameworksBuildPhase section */

/* Begin PBXGroup section */
		8443499E1D53143D00CBDCF3 /* FrameWork and Others */ = {
			isa = PBXGroup;
			children = (
				844349A21D53258A00CBDCF3 /* MapKit.framework */,
				84F975CD1D51FC3900CC5391 /* GooglePlacePicker.framework */,
				84F975CF1D51FC6500CC5391 /* GoogleMapsBase.framework */,
				84F975D11D51FCA600CC5391 /* GooglePlaces.framework */,
				84F975D31D51FCE800CC5391 /* GoogleMapsCore.framework */,
				84F975D51D51FCF800CC5391 /* GoogleMaps.framework */,
				84F975D71D51FDAD00CC5391 /* GooglePlaces.bundle */,
				84F975D91D51FDFF00CC5391 /* GooglePlacePicker.bundle */,
				84F975DB1D51FEC700CC5391 /* Accelerate.framework */,
				84F975DD1D51FED500CC5391 /* CoreData.framework */,
				84F975DF1D51FEE300CC5391 /* CoreGraphics.framework */,
				84F975E11D51FEEF00CC5391 /* CoreLocation.framework */,
				84F975E31D51FEFA00CC5391 /* CoreText.framework */,
				84F975E51D51FF0600CC5391 /* GLKit.framework */,
				84F975E71D51FF1200CC5391 /* ImageIO.framework */,
				84F975E91D51FF4000CC5391 /* OpenGLES.framework */,
				84F975EB1D51FF4D00CC5391 /* QuartzCore.framework */,
				84F975ED1D51FF5B00CC5391 /* SystemConfiguration.framework */,
				84F975EF1D51FF6400CC5391 /* UIKit.framework */,
				8443499A1D53001600CBDCF3 /* GoogleMaps.framework */,
				8443499C1D5300E000CBDCF3 /* GoogleMaps.bundle */,
				84F975F31D5200A600CC5391 /* libc++.1.dylib */,
				84F975F11D52008000CC5391 /* libz.1.dylib */,
			);
			name = "FrameWork and Others";
			path = ..;
			sourceTree = "<group>";
		};
		8448AB491D45D55F00486EA2 /* Initial */ = {
			isa = PBXGroup;
			children = (
				84F769191D2E5CA700DEF5FC /* LoginViewController.h */,
				84F7691A1D2E5CA700DEF5FC /* LoginViewController.m */,
				84F7691C1D2E5CBD00DEF5FC /* SignupViewController.h */,
				84F7691D1D2E5CBD00DEF5FC /* SignupViewController.m */,
				84F7691F1D2E6AC800DEF5FC /* OTPViewController.h */,
				84F769201D2E6AC800DEF5FC /* OTPViewController.m */,
			);
			name = Initial;
			sourceTree = "<group>";
		};
		84B2F8BC1D3F3BB5004D6B95 /* SWRevealViewController */ = {
			isa = PBXGroup;
			children = (
				84B2F8BD1D3F3BFA004D6B95 /* SWRevealViewController.h */,
				84B2F8BE1D3F3BFA004D6B95 /* SWRevealViewController.m */,
			);
			name = SWRevealViewController;
			sourceTree = "<group>";
		};
		84F768F31D2E559000DEF5FC = {
			isa = PBXGroup;
			children = (
				84F768FE1D2E559000DEF5FC /* GetStrongTryout */,
				84F768FD1D2E559000DEF5FC /* Products */,
			);
			sourceTree = "<group>";
		};
		84F768FD1D2E559000DEF5FC /* Products */ = {
			isa = PBXGroup;
			children = (
				84F768FC1D2E559000DEF5FC /* GetStrongTryout.app */,
			);
			name = Products;
			sourceTree = "<group>";
		};
		84F768FE1D2E559000DEF5FC /* GetStrongTryout */ = {
			isa = PBXGroup;
			children = (
				8448AB491D45D55F00486EA2 /* Initial */,
				84F769021D2E559000DEF5FC /* AppDelegate.h */,
				84F769031D2E559000DEF5FC /* AppDelegate.m */,
				84F769081D2E559000DEF5FC /* Main.storyboard */,
				84F769051D2E559000DEF5FC /* ViewController.h */,
				84F769061D2E559000DEF5FC /* ViewController.m */,
				84F9398D1D34E84B0053C9EA /* HomeViewController.h */,
				84F9398E1D34E84B0053C9EA /* HomeViewController.m */,
				84B2F8C31D3F3DDA004D6B95 /* SidebarViewController.h */,
				84B2F8C41D3F3DDA004D6B95 /* SidebarViewController.m */,
				84FBBE6A1D422C6F00CF1A31 /* ChallengeViewController.h */,
				84FBBE6B1D422C6F00CF1A31 /* ChallengeViewController.m */,
				84FBBE6D1D422C9B00CF1A31 /* AttendanceViewController.h */,
				84FBBE6E1D422C9B00CF1A31 /* AttendanceViewController.m */,
				84FBBE701D422CC400CF1A31 /* CheatdaysViewController.h */,
				84FBBE711D422CC400CF1A31 /* CheatdaysViewController.m */,
				84FBBE731D422CF000CF1A31 /* WorkoutTipsViewController.h */,
				84FBBE741D422CF000CF1A31 /* WorkoutTipsViewController.m */,
				84FBBE761D422D1B00CF1A31 /* ProfileViewController.h */,
				84FBBE771D422D1B00CF1A31 /* ProfileViewController.m */,
				848F0B5E1D4C8D8100F62845 /* ContactViewController.h */,
				848F0B5F1D4C8D8100F62845 /* ContactViewController.m */,
				8448AB501D45F8A900486EA2 /* TableViewCell.h */,
				8448AB511D45F8A900486EA2 /* TableViewCell.m */,
				844D13A41D49D1E200F22B52 /* AppChildViewController.h */,
				844D13A51D49D1E200F22B52 /* AppChildViewController.m */,
				84E077FE1D51BE90001C6105 /* OnedayTripViewController.h */,
				84E077FF1D51BE90001C6105 /* OnedayTripViewController.m */,
				8443499F1D5319A100CBDCF3 /* WhereToMapviewViewController.h */,
				844349A01D5319A100CBDCF3 /* WhereToMapviewViewController.m */,
				84F7690E1D2E559000DEF5FC /* Assets.xcassets */,
				84F769101D2E559000DEF5FC /* LaunchScreen.storyboard */,
				84F769131D2E559000DEF5FC /* Info.plist */,
				84F7690B1D2E559000DEF5FC /* GetStrongTryout.xcdatamodeld */,
				8443499E1D53143D00CBDCF3 /* FrameWork and Others */,
				84B2F8BC1D3F3BB5004D6B95 /* SWRevealViewController */,
				84F768FF1D2E559000DEF5FC /* Supporting Files */,
			);
			path = GetStrongTryout;
			sourceTree = "<group>";
		};
		84F768FF1D2E559000DEF5FC /* Supporting Files */ = {
			isa = PBXGroup;
			children = (
				84BAB2F31D54518E00D25C56 /* Calendar-50.png */,
				84F975C31D51E84500CC5391 /* Back-50.png */,
				84F975C51D51E84D00CC5391 /* Forward-50.png */,
				84F769001D2E559000DEF5FC /* main.m */,
				84E6AE9A1D4B2748006368F9 /* KL.jpg */,
				84E078011D51D03E001C6105 /* Circled Right 2-50.png */,
				84FC1AFD1D3E39840074F765 /* menu.png */,
				84F975C71D51EB6E00CC5391 /* Airplane Mode On Filled-50.png */,
				84F975C81D51EB6E00CC5391 /* Car Filled-50.png */,
				84F975C91D51EB6E00CC5391 /* Train Filled-50.png */,
			);
			name = "Supporting Files";
			sourceTree = "<group>";
		};
/* End PBXGroup section */

/* Begin PBXNativeTarget section */
		84F768FB1D2E559000DEF5FC /* GetStrongTryout */ = {
			isa = PBXNativeTarget;
			buildConfigurationList = 84F769161D2E559000DEF5FC /* Build configuration list for PBXNativeTarget "GetStrongTryout" */;
			buildPhases = (
				84F768F81D2E559000DEF5FC /* Sources */,
				84F768F91D2E559000DEF5FC /* Frameworks */,
				84F768FA1D2E559000DEF5FC /* Resources */,
			);
			buildRules = (
			);
			dependencies = (
			);
			name = GetStrongTryout;
			productName = GetStrongTryout;
			productReference = 84F768FC1D2E559000DEF5FC /* GetStrongTryout.app */;
			productType = "com.apple.product-type.application";
		};
/* End PBXNativeTarget section */

/* Begin PBXProject section */
		84F768F41D2E559000DEF5FC /* Project object */ = {
			isa = PBXProject;
			attributes = {
				LastUpgradeCheck = 0730;
				ORGANIZATIONNAME = PytenLabs;
				TargetAttributes = {
					84F768FB1D2E559000DEF5FC = {
						CreatedOnToolsVersion = 7.3.1;
					};
				};
			};
			buildConfigurationList = 84F768F71D2E559000DEF5FC /* Build configuration list for PBXProject "GetStrongTryout" */;
			compatibilityVersion = "Xcode 3.2";
			developmentRegion = English;
			hasScannedForEncodings = 0;
			knownRegions = (
				en,
				Base,
			);
			mainGroup = 84F768F31D2E559000DEF5FC;
			productRefGroup = 84F768FD1D2E559000DEF5FC /* Products */;
			projectDirPath = "";
			projectRoot = "";
			targets = (
				84F768FB1D2E559000DEF5FC /* GetStrongTryout */,
			);
		};
/* End PBXProject section */

/* Begin PBXResourcesBuildPhase section */
		84F768FA1D2E559000DEF5FC /* Resources */ = {
			isa = PBXResourcesBuildPhase;
			buildActionMask = 2147483647;
			files = (
				84F975C61D51E84D00CC5391 /* Forward-50.png in Resources */,
				84F975C41D51E84500CC5391 /* Back-50.png in Resources */,
				84E6AE9B1D4B2748006368F9 /* KL.jpg in Resources */,
				84F975CC1D51EB6E00CC5391 /* Train Filled-50.png in Resources */,
				84F975D81D51FDAD00CC5391 /* GooglePlaces.bundle in Resources */,
				84E078021D51D03E001C6105 /* Circled Right 2-50.png in Resources */,
				84FC1AFE1D3E39840074F765 /* menu.png in Resources */,
				84BAB2F41D54518E00D25C56 /* Calendar-50.png in Resources */,
				84F769121D2E559000DEF5FC /* LaunchScreen.storyboard in Resources */,
				84F975DA1D51FDFF00CC5391 /* GooglePlacePicker.bundle in Resources */,
				84F975CB1D51EB6E00CC5391 /* Car Filled-50.png in Resources */,
				84F7690F1D2E559000DEF5FC /* Assets.xcassets in Resources */,
				84F7690A1D2E559000DEF5FC /* Main.storyboard in Resources */,
				84F975CA1D51EB6E00CC5391 /* Airplane Mode On Filled-50.png in Resources */,
				8443499D1D5300E000CBDCF3 /* GoogleMaps.bundle in Resources */,
			);
			runOnlyForDeploymentPostprocessing = 0;
		};
/* End PBXResourcesBuildPhase section */

/* Begin PBXSourcesBuildPhase section */
		84F768F81D2E559000DEF5FC /* Sources */ = {
			isa = PBXSourcesBuildPhase;
			buildActionMask = 2147483647;
			files = (
				84F769211D2E6AC800DEF5FC /* OTPViewController.m in Sources */,
				84F7691E1D2E5CBD00DEF5FC /* SignupViewController.m in Sources */,
				84F7690D1D2E559000DEF5FC /* GetStrongTryout.xcdatamodeld in Sources */,
				84FBBE6C1D422C6F00CF1A31 /* ChallengeViewController.m in Sources */,
				84FBBE781D422D1B00CF1A31 /* ProfileViewController.m in Sources */,
				84FBBE751D422CF000CF1A31 /* WorkoutTipsViewController.m in Sources */,
				84F769071D2E559000DEF5FC /* ViewController.m in Sources */,
				84F769041D2E559000DEF5FC /* AppDelegate.m in Sources */,
				84FBBE721D422CC400CF1A31 /* CheatdaysViewController.m in Sources */,
				84B2F8C51D3F3DDA004D6B95 /* SidebarViewController.m in Sources */,
				84B2F8BF1D3F3BFA004D6B95 /* SWRevealViewController.m in Sources */,
				844D13A61D49D1E200F22B52 /* AppChildViewController.m in Sources */,
				84F769011D2E559000DEF5FC /* main.m in Sources */,
				848F0B601D4C8D8100F62845 /* ContactViewController.m in Sources */,
				84F7691B1D2E5CA700DEF5FC /* LoginViewController.m in Sources */,
				8448AB521D45F8A900486EA2 /* TableViewCell.m in Sources */,
				84F9398F1D34E84B0053C9EA /* HomeViewController.m in Sources */,
				84FBBE6F1D422C9B00CF1A31 /* AttendanceViewController.m in Sources */,
				84E078001D51BE90001C6105 /* OnedayTripViewController.m in Sources */,
				844349A11D5319A100CBDCF3 /* WhereToMapviewViewController.m in Sources */,
			);
			runOnlyForDeploymentPostprocessing = 0;
		};
/* End PBXSourcesBuildPhase section */

/* Begin PBXVariantGroup section */
		84F769081D2E559000DEF5FC /* Main.storyboard */ = {
			isa = PBXVariantGroup;
			children = (
				84F769091D2E559000DEF5FC /* Base */,
			);
			name = Main.storyboard;
			sourceTree = "<group>";
		};
		84F769101D2E559000DEF5FC /* LaunchScreen.storyboard */ = {
			isa = PBXVariantGroup;
			children = (
				84F769111D2E559000DEF5FC /* Base */,
			);
			name = LaunchScreen.storyboard;
			sourceTree = "<group>";
		};
/* End PBXVariantGroup section */

/* Begin XCBuildConfiguration section */
		84F769141D2E559000DEF5FC /* Debug */ = {
			isa = XCBuildConfiguration;
			buildSettings = {
				ALWAYS_SEARCH_USER_PATHS = NO;
				CLANG_ANALYZER_NONNULL = YES;
				CLANG_CXX_LANGUAGE_STANDARD = "gnu++0x";
				CLANG_CXX_LIBRARY = "libc++";
				CLANG_ENABLE_MODULES = YES;
				CLANG_ENABLE_OBJC_ARC = YES;
				CLANG_WARN_BOOL_CONVERSION = YES;
				CLANG_WARN_CONSTANT_CONVERSION = YES;
				CLANG_WARN_DIRECT_OBJC_ISA_USAGE = YES_ERROR;
				CLANG_WARN_EMPTY_BODY = YES;
				CLANG_WARN_ENUM_CONVERSION = YES;
				CLANG_WARN_INT_CONVERSION = YES;
				CLANG_WARN_OBJC_ROOT_CLASS = YES_ERROR;
				CLANG_WARN_UNREACHABLE_CODE = YES;
				CLANG_WARN__DUPLICATE_METHOD_MATCH = YES;
				"CODE_SIGN_IDENTITY[sdk=iphoneos*]" = "iPhone Developer";
				COPY_PHASE_STRIP = NO;
				DEBUG_INFORMATION_FORMAT = dwarf;
				ENABLE_STRICT_OBJC_MSGSEND = YES;
				ENABLE_TESTABILITY = YES;
				GCC_C_LANGUAGE_STANDARD = gnu99;
				GCC_DYNAMIC_NO_PIC = NO;
				GCC_NO_COMMON_BLOCKS = YES;
				GCC_OPTIMIZATION_LEVEL = 0;
				GCC_PREPROCESSOR_DEFINITIONS = (
					"DEBUG=1",
					"$(inherited)",
				);
				GCC_WARN_64_TO_32_BIT_CONVERSION = YES;
				GCC_WARN_ABOUT_RETURN_TYPE = YES_ERROR;
				GCC_WARN_UNDECLARED_SELECTOR = YES;
				GCC_WARN_UNINITIALIZED_AUTOS = YES_AGGRESSIVE;
				GCC_WARN_UNUSED_FUNCTION = YES;
				GCC_WARN_UNUSED_VARIABLE = YES;
				IPHONEOS_DEPLOYMENT_TARGET = 9.3;
				MTL_ENABLE_DEBUG_INFO = YES;
				ONLY_ACTIVE_ARCH = YES;
				SDKROOT = iphoneos;
			};
			name = Debug;
		};
		84F769151D2E559000DEF5FC /* Release */ = {
			isa = XCBuildConfiguration;
			buildSettings = {
				ALWAYS_SEARCH_USER_PATHS = NO;
				CLANG_ANALYZER_NONNULL = YES;
				CLANG_CXX_LANGUAGE_STANDARD = "gnu++0x";
				CLANG_CXX_LIBRARY = "libc++";
				CLANG_ENABLE_MODULES = YES;
				CLANG_ENABLE_OBJC_ARC = YES;
				CLANG_WARN_BOOL_CONVERSION = YES;
				CLANG_WARN_CONSTANT_CONVERSION = YES;
				CLANG_WARN_DIRECT_OBJC_ISA_USAGE = YES_ERROR;
				CLANG_WARN_EMPTY_BODY = YES;
				CLANG_WARN_ENUM_CONVERSION = YES;
				CLANG_WARN_INT_CONVERSION = YES;
				CLANG_WARN_OBJC_ROOT_CLASS = YES_ERROR;
				CLANG_WARN_UNREACHABLE_CODE = YES;
				CLANG_WARN__DUPLICATE_METHOD_MATCH = YES;
				"CODE_SIGN_IDENTITY[sdk=iphoneos*]" = "iPhone Developer";
				COPY_PHASE_STRIP = NO;
				DEBUG_INFORMATION_FORMAT = "dwarf-with-dsym";
				ENABLE_NS_ASSERTIONS = NO;
				ENABLE_STRICT_OBJC_MSGSEND = YES;
				GCC_C_LANGUAGE_STANDARD = gnu99;
				GCC_NO_COMMON_BLOCKS = YES;
				GCC_WARN_64_TO_32_BIT_CONVERSION = YES;
				GCC_WARN_ABOUT_RETURN_TYPE = YES_ERROR;
				GCC_WARN_UNDECLARED_SELECTOR = YES;
				GCC_WARN_UNINITIALIZED_AUTOS = YES_AGGRESSIVE;
				GCC_WARN_UNUSED_FUNCTION = YES;
				GCC_WARN_UNUSED_VARIABLE = YES;
				IPHONEOS_DEPLOYMENT_TARGET = 9.3;
				MTL_ENABLE_DEBUG_INFO = NO;
				SDKROOT = iphoneos;
				VALIDATE_PRODUCT = YES;
			};
			name = Release;
		};
		84F769171D2E559000DEF5FC /* Debug */ = {
			isa = XCBuildConfiguration;
			buildSettings = {
				ASSETCATALOG_COMPILER_APPICON_NAME = AppIcon;
				FRAMEWORK_SEARCH_PATHS = (
					"$(inherited)",
					"$(PROJECT_DIR)/GetStrongTryout",
				);
				INFOPLIST_FILE = GetStrongTryout/Info.plist;
				IPHONEOS_DEPLOYMENT_TARGET = 8.0;
				LD_RUNPATH_SEARCH_PATHS = "$(inherited) @executable_path/Frameworks";
				"OTHER_LDFLAGS[arch=*]" = "-ObjC";
				PRODUCT_BUNDLE_IDENTIFIER = com.pytenlabs.test;
				PRODUCT_NAME = "$(TARGET_NAME)";
			};
			name = Debug;
		};
		84F769181D2E559000DEF5FC /* Release */ = {
			isa = XCBuildConfiguration;
			buildSettings = {
				ASSETCATALOG_COMPILER_APPICON_NAME = AppIcon;
				FRAMEWORK_SEARCH_PATHS = (
					"$(inherited)",
					"$(PROJECT_DIR)/GetStrongTryout",
				);
				INFOPLIST_FILE = GetStrongTryout/Info.plist;
				IPHONEOS_DEPLOYMENT_TARGET = 8.0;
				LD_RUNPATH_SEARCH_PATHS = "$(inherited) @executable_path/Frameworks";
				"OTHER_LDFLAGS[arch=*]" = "-ObjC";
				PRODUCT_BUNDLE_IDENTIFIER = com.pytenlabs.test;
				PRODUCT_NAME = "$(TARGET_NAME)";
			};
			name = Release;
		};
/* End XCBuildConfiguration section */

/* Begin XCConfigurationList section */
		84F768F71D2E559000DEF5FC /* Build configuration list for PBXProject "GetStrongTryout" */ = {
			isa = XCConfigurationList;
			buildConfigurations = (
				84F769141D2E559000DEF5FC /* Debug */,
				84F769151D2E559000DEF5FC /* Release */,
			);
			defaultConfigurationIsVisible = 0;
			defaultConfigurationName = Release;
		};
		84F769161D2E559000DEF5FC /* Build configuration list for PBXNativeTarget "GetStrongTryout" */ = {
			isa = XCConfigurationList;
			buildConfigurations = (
				84F769171D2E559000DEF5FC /* Debug */,
				84F769181D2E559000DEF5FC /* Release */,
			);
			defaultConfigurationIsVisible = 0;
			defaultConfigurationName = Release;
		};
/* End XCConfigurationList section */

/* Begin XCVersionGroup section */
		84F7690B1D2E559000DEF5FC /* GetStrongTryout.xcdatamodeld */ = {
			isa = XCVersionGroup;
			children = (
				84F7690C1D2E559000DEF5FC /* GetStrongTryout.xcdatamodel */,
			);
			currentVersion = 84F7690C1D2E559000DEF5FC /* GetStrongTryout.xcdatamodel */;
			path = GetStrongTryout.xcdatamodeld;
			sourceTree = "<group>";
			versionGroupType = wrapper.xcdatamodel;
		};
/* End XCVersionGroup section */
	};
	rootObject = 84F768F41D2E559000DEF5FC /* Project object */;
}
